
Microsoft Visual Studio Solution File, Format Version 12.00
# Visual Studio Version 16
VisualStudioVersion = 16.0.29911.84
MinimumVisualStudioVersion = 10.0.40219.1
Project("{FAE04EC0-301F-11D3-BF4B-00C04F79EFBC}") = "DllImportDefaultsAnalyzer", "DllImportDefaultsAnalyzer\DllImportDefaultsAnalyzer\DllImportDefaultsAnalyzer.csproj", "{CE188B4B-B41E-4C86-95C6-318CCE38B21D}"
EndProject
Project("{FAE04EC0-301F-11D3-BF4B-00C04F79EFBC}") = "DllImportDefaultsAnalyzer.Test", "DllImportDefaultsAnalyzer\DllImportDefaultsAnalyzer.Test\DllImportDefaultsAnalyzer.Test.csproj", "{61515C67-0E51-4088-B039-0C2F7289A2D3}"
EndProject
Project("{FAE04EC0-301F-11D3-BF4B-00C04F79EFBC}") = "DllImportDefaultsAnalyzer.Vsix", "DllImportDefaultsAnalyzer\DllImportDefaultsAnalyzer.Vsix\DllImportDefaultsAnalyzer.Vsix.csproj", "{61F0065A-1282-4372-AAD2-BEEB77335942}"
EndProject
Global
	GlobalSection(SolutionConfigurationPlatforms) = preSolution
		Debug|Any CPU = Debug|Any CPU
		Release|Any CPU = Release|Any CPU
	EndGlobalSection
	GlobalSection(ProjectConfigurationPlatforms) = postSolution
		{CE188B4B-B41E-4C86-95C6-318CCE38B21D}.Debug|Any CPU.ActiveCfg = Debug|Any CPU
		{CE188B4B-B41E-4C86-95C6-318CCE38B21D}.Debug|Any CPU.Build.0 = Debug|Any CPU
		{CE188B4B-B41E-4C86-95C6-318CCE38B21D}.Release|Any CPU.ActiveCfg = Release|Any CPU
		{CE188B4B-B41E-4C86-95C6-318CCE38B21D}.Release|Any CPU.Build.0 = Release|Any CPU
		{61515C67-0E51-4088-B039-0C2F7289A2D3}.Debug|Any CPU.ActiveCfg = Debug|Any CPU
		{61515C67-0E51-4088-B039-0C2F7289A2D3}.Debug|Any CPU.Build.0 = Debug|Any CPU
		{61515C67-0E51-4088-B039-0C2F7289A2D3}.Release|Any CPU.ActiveCfg = Release|Any CPU
		{61515C67-0E51-4088-B039-0C2F7289A2D3}.Release|Any CPU.Build.0 = Release|Any CPU
		{61F0065A-1282-4372-AAD2-BEEB77335942}.Debug|Any CPU.ActiveCfg = Debug|Any CPU
		{61F0065A-1282-4372-AAD2-BEEB77335942}.Debug|Any CPU.Build.0 = Debug|Any CPU
		{61F0065A-1282-4372-AAD2-BEEB77335942}.Release|Any CPU.ActiveCfg = Release|Any CPU
		{61F0065A-1282-4372-AAD2-BEEB77335942}.Release|Any CPU.Build.0 = Release|Any CPU
	EndGlobalSection
	GlobalSection(SolutionProperties) = preSolution
		HideSolutionNode = FALSE
	EndGlobalSection
	GlobalSection(ExtensibilityGlobals) = postSolution
		SolutionGuid = {25E377F9-7689-4650-8CB1-06A0AC3D14D9}
	EndGlobalSection
EndGlobal
